
Microsoft Visual Studio Solution File, Format Version 11.00
# Visual Studio 2010
Project("{FAE04EC0-301F-11D3-BF4B-00C04F79EFBC}") = "TankMove", "Assembly-CSharp-firstpass.csproj", "{40A5672E-B86D-359F-1831-CFCDF410B6BD}"
EndProject
Project("{FAE04EC0-301F-11D3-BF4B-00C04F79EFBC}") = "TankMove", "Assembly-CSharp.csproj", "{51638D79-6AB3-2532-A349-16E4314F0818}"
EndProject
Global
	GlobalSection(SolutionConfigurationPlatforms) = preSolution
		Debug|Any CPU = Debug|Any CPU
		Release|Any CPU = Release|Any CPU
	EndGlobalSection
	GlobalSection(ProjectConfigurationPlatforms) = postSolution
		{40A5672E-B86D-359F-1831-CFCDF410B6BD}.Debug|Any CPU.ActiveCfg = Debug|Any CPU
		{40A5672E-B86D-359F-1831-CFCDF410B6BD}.Debug|Any CPU.Build.0 = Debug|Any CPU
		{40A5672E-B86D-359F-1831-CFCDF410B6BD}.Release|Any CPU.ActiveCfg = Release|Any CPU
		{40A5672E-B86D-359F-1831-CFCDF410B6BD}.Release|Any CPU.Build.0 = Release|Any CPU
		{51638D79-6AB3-2532-A349-16E4314F0818}.Debug|Any CPU.ActiveCfg = Debug|Any CPU
		{51638D79-6AB3-2532-A349-16E4314F0818}.Debug|Any CPU.Build.0 = Debug|Any CPU
		{51638D79-6AB3-2532-A349-16E4314F0818}.Release|Any CPU.ActiveCfg = Release|Any CPU
		{51638D79-6AB3-2532-A349-16E4314F0818}.Release|Any CPU.Build.0 = Release|Any CPU
	EndGlobalSection
	GlobalSection(SolutionProperties) = preSolution
		HideSolutionNode = FALSE
	EndGlobalSection
	GlobalSection(MonoDevelopProperties) = preSolution
		StartupItem = Assembly-CSharp.csproj
	EndGlobalSection
EndGlobal
